
Microsoft Visual Studio Solution File, Format Version 12.00
# Visual Studio 15
VisualStudioVersion = 15.0.28307.645
MinimumVisualStudioVersion = 10.0.40219.1
Project("{FAE04EC0-301F-11D3-BF4B-00C04F79EFBC}") = "RandomLib", "RandomLib\RandomLib.csproj", "{83D8D65E-C5A3-4066-9ED0-FFA1A6D26066}"
EndProject
Global
	GlobalSection(SolutionConfigurationPlatforms) = preSolution
		Debug|Any CPU = Debug|Any CPU
		Release|Any CPU = Release|Any CPU
	EndGlobalSection
	GlobalSection(ProjectConfigurationPlatforms) = postSolution
		{83D8D65E-C5A3-4066-9ED0-FFA1A6D26066}.Debug|Any CPU.ActiveCfg = Debug|Any CPU
		{83D8D65E-C5A3-4066-9ED0-FFA1A6D26066}.Debug|Any CPU.Build.0 = Debug|Any CPU
		{83D8D65E-C5A3-4066-9ED0-FFA1A6D26066}.Release|Any CPU.ActiveCfg = Release|Any CPU
		{83D8D65E-C5A3-4066-9ED0-FFA1A6D26066}.Release|Any CPU.Build.0 = Release|Any CPU
	EndGlobalSection
	GlobalSection(SolutionProperties) = preSolution
		HideSolutionNode = FALSE
	EndGlobalSection
	GlobalSection(ExtensibilityGlobals) = postSolution
		SolutionGuid = {50EEDB8E-BE4C-4FE9-90DA-79F1DA87584D}
	EndGlobalSection
EndGlobal
