
Microsoft Visual Studio Solution File, Format Version 12.00
# Visual Studio 15
VisualStudioVersion = 15.0.28307.645
MinimumVisualStudioVersion = 10.0.40219.1
Project("{FAE04EC0-301F-11D3-BF4B-00C04F79EFBC}") = "TextFiles", "TextFiles\TextFiles.csproj", "{F580B50C-502C-4D43-89D4-2A84152B0187}"
EndProject
Global
	GlobalSection(SolutionConfigurationPlatforms) = preSolution
		Debug|Any CPU = Debug|Any CPU
		Release|Any CPU = Release|Any CPU
	EndGlobalSection
	GlobalSection(ProjectConfigurationPlatforms) = postSolution
		{F580B50C-502C-4D43-89D4-2A84152B0187}.Debug|Any CPU.ActiveCfg = Debug|Any CPU
		{F580B50C-502C-4D43-89D4-2A84152B0187}.Debug|Any CPU.Build.0 = Debug|Any CPU
		{F580B50C-502C-4D43-89D4-2A84152B0187}.Release|Any CPU.ActiveCfg = Release|Any CPU
		{F580B50C-502C-4D43-89D4-2A84152B0187}.Release|Any CPU.Build.0 = Release|Any CPU
	EndGlobalSection
	GlobalSection(SolutionProperties) = preSolution
		HideSolutionNode = FALSE
	EndGlobalSection
	GlobalSection(ExtensibilityGlobals) = postSolution
		SolutionGuid = {51B5814D-5406-4A70-804E-9D8A846C4FC7}
	EndGlobalSection
EndGlobal
