
Microsoft Visual Studio Solution File, Format Version 12.00
# Visual Studio 15
VisualStudioVersion = 15.0.28307.645
MinimumVisualStudioVersion = 10.0.40219.1
Project("{FAE04EC0-301F-11D3-BF4B-00C04F79EFBC}") = "ArrayVSArrayListsVSLists", "ArrayVSArrayListsVSLists\ArrayVSArrayListsVSLists.csproj", "{4BA4ED26-77EA-4CAF-9235-AABD4CCF99B7}"
EndProject
Global
	GlobalSection(SolutionConfigurationPlatforms) = preSolution
		Debug|Any CPU = Debug|Any CPU
		Release|Any CPU = Release|Any CPU
	EndGlobalSection
	GlobalSection(ProjectConfigurationPlatforms) = postSolution
		{4BA4ED26-77EA-4CAF-9235-AABD4CCF99B7}.Debug|Any CPU.ActiveCfg = Debug|Any CPU
		{4BA4ED26-77EA-4CAF-9235-AABD4CCF99B7}.Debug|Any CPU.Build.0 = Debug|Any CPU
		{4BA4ED26-77EA-4CAF-9235-AABD4CCF99B7}.Release|Any CPU.ActiveCfg = Release|Any CPU
		{4BA4ED26-77EA-4CAF-9235-AABD4CCF99B7}.Release|Any CPU.Build.0 = Release|Any CPU
	EndGlobalSection
	GlobalSection(SolutionProperties) = preSolution
		HideSolutionNode = FALSE
	EndGlobalSection
	GlobalSection(ExtensibilityGlobals) = postSolution
		SolutionGuid = {A5DE40C5-7221-4069-A317-B33C339584B4}
	EndGlobalSection
EndGlobal
