
Microsoft Visual Studio Solution File, Format Version 12.00
# Visual Studio 15
VisualStudioVersion = 15.0.28307.645
MinimumVisualStudioVersion = 10.0.40219.1
Project("{FAE04EC0-301F-11D3-BF4B-00C04F79EFBC}") = "Lambda", "Lambda\Lambda.csproj", "{60D86232-C958-475D-A8D8-1255BAEFE8A1}"
EndProject
Global
	GlobalSection(SolutionConfigurationPlatforms) = preSolution
		Debug|Any CPU = Debug|Any CPU
		Release|Any CPU = Release|Any CPU
	EndGlobalSection
	GlobalSection(ProjectConfigurationPlatforms) = postSolution
		{60D86232-C958-475D-A8D8-1255BAEFE8A1}.Debug|Any CPU.ActiveCfg = Debug|Any CPU
		{60D86232-C958-475D-A8D8-1255BAEFE8A1}.Debug|Any CPU.Build.0 = Debug|Any CPU
		{60D86232-C958-475D-A8D8-1255BAEFE8A1}.Release|Any CPU.ActiveCfg = Release|Any CPU
		{60D86232-C958-475D-A8D8-1255BAEFE8A1}.Release|Any CPU.Build.0 = Release|Any CPU
	EndGlobalSection
	GlobalSection(SolutionProperties) = preSolution
		HideSolutionNode = FALSE
	EndGlobalSection
	GlobalSection(ExtensibilityGlobals) = postSolution
		SolutionGuid = {D71E72AD-84F5-4069-A979-CAE5F27D9F76}
	EndGlobalSection
EndGlobal
